{
  "lockfileVersion": 1,
  "configVersion": 1,
  "workspaces": {
    "": {
      "dependencies": {
        "@chenglou/pretext": "^0.0.4",
      },
    },
  },
  "packages": {
    "@chenglou/pretext": ["@chenglou/pretext@0.0.4", "", {}, "sha512-FnPAFMid1/p1j2V2gRPUVBarGUIb2PhkkC9YNnTOfPtTDgHKh8siO8PP9pCxpFfYlcodWPJpE1UbSHGQqt8pQQ=="],
  }
}
